
Microsoft Visual Studio Solution File, Format Version 12.00
Project("{FAE04EC0-301F-11D3-BF4B-00C04F79EFBC}") = "Nucleus", "Nucleus\Nucleus.csproj", "{C978C6D6-E26F-436A-AF27-A37303631B36}"
EndProject
Project("{FAE04EC0-301F-11D3-BF4B-00C04F79EFBC}") = "Nucleus.Test", "Nucleus.Test\Nucleus.Test.csproj", "{C3570ABE-01BD-4E63-A4EC-A5FC0F5CC21D}"
EndProject
Project("{2150E333-8FDC-42A3-9474-1A3956D46DE8}") = "Solution Items", "Solution Items", "{485C63E9-3AF2-4172-9FC4-750F5CA64C95}"
	ProjectSection(SolutionItems) = preProject
		.github\workflows\deploy.yml = .github\workflows\deploy.yml
		.github\workflows\dotnet.yml = .github\workflows\dotnet.yml
		.gitignore = .gitignore
		compose.yaml = compose.yaml
		IMPROVEMENTS.md = IMPROVEMENTS.md
		CLAUDE.md = CLAUDE.md
		MONGODB_MIGRATION_PLAN.md = MONGODB_MIGRATION_PLAN.md
	EndProjectSection
EndProject
Global
	GlobalSection(SolutionConfigurationPlatforms) = preSolution
		Debug|Any CPU = Debug|Any CPU
		Debug|x64 = Debug|x64
		Debug|x86 = Debug|x86
		Release|Any CPU = Release|Any CPU
		Release|x64 = Release|x64
		Release|x86 = Release|x86
	EndGlobalSection
	GlobalSection(ProjectConfigurationPlatforms) = postSolution
		{C978C6D6-E26F-436A-AF27-A37303631B36}.Debug|Any CPU.ActiveCfg = Debug|Any CPU
		{C978C6D6-E26F-436A-AF27-A37303631B36}.Debug|Any CPU.Build.0 = Debug|Any CPU
		{C978C6D6-E26F-436A-AF27-A37303631B36}.Debug|x64.ActiveCfg = Debug|Any CPU
		{C978C6D6-E26F-436A-AF27-A37303631B36}.Debug|x64.Build.0 = Debug|Any CPU
		{C978C6D6-E26F-436A-AF27-A37303631B36}.Debug|x86.ActiveCfg = Debug|Any CPU
		{C978C6D6-E26F-436A-AF27-A37303631B36}.Debug|x86.Build.0 = Debug|Any CPU
		{C978C6D6-E26F-436A-AF27-A37303631B36}.Release|Any CPU.ActiveCfg = Release|Any CPU
		{C978C6D6-E26F-436A-AF27-A37303631B36}.Release|Any CPU.Build.0 = Release|Any CPU
		{C978C6D6-E26F-436A-AF27-A37303631B36}.Release|x64.ActiveCfg = Release|Any CPU
		{C978C6D6-E26F-436A-AF27-A37303631B36}.Release|x64.Build.0 = Release|Any CPU
		{C978C6D6-E26F-436A-AF27-A37303631B36}.Release|x86.ActiveCfg = Release|Any CPU
		{C978C6D6-E26F-436A-AF27-A37303631B36}.Release|x86.Build.0 = Release|Any CPU
		{C3570ABE-01BD-4E63-A4EC-A5FC0F5CC21D}.Debug|Any CPU.ActiveCfg = Debug|Any CPU
		{C3570ABE-01BD-4E63-A4EC-A5FC0F5CC21D}.Debug|Any CPU.Build.0 = Debug|Any CPU
		{C3570ABE-01BD-4E63-A4EC-A5FC0F5CC21D}.Debug|x64.ActiveCfg = Debug|Any CPU
		{C3570ABE-01BD-4E63-A4EC-A5FC0F5CC21D}.Debug|x64.Build.0 = Debug|Any CPU
		{C3570ABE-01BD-4E63-A4EC-A5FC0F5CC21D}.Debug|x86.ActiveCfg = Debug|Any CPU
		{C3570ABE-01BD-4E63-A4EC-A5FC0F5CC21D}.Debug|x86.Build.0 = Debug|Any CPU
		{C3570ABE-01BD-4E63-A4EC-A5FC0F5CC21D}.Release|Any CPU.ActiveCfg = Release|Any CPU
		{C3570ABE-01BD-4E63-A4EC-A5FC0F5CC21D}.Release|Any CPU.Build.0 = Release|Any CPU
		{C3570ABE-01BD-4E63-A4EC-A5FC0F5CC21D}.Release|x64.ActiveCfg = Release|Any CPU
		{C3570ABE-01BD-4E63-A4EC-A5FC0F5CC21D}.Release|x64.Build.0 = Release|Any CPU
		{C3570ABE-01BD-4E63-A4EC-A5FC0F5CC21D}.Release|x86.ActiveCfg = Release|Any CPU
		{C3570ABE-01BD-4E63-A4EC-A5FC0F5CC21D}.Release|x86.Build.0 = Release|Any CPU
	EndGlobalSection
	GlobalSection(SolutionProperties) = preSolution
		HideSolutionNode = FALSE
	EndGlobalSection
EndGlobal
